
Microsoft Visual Studio Solution File, Format Version 12.00
# Visual Studio 15
VisualStudioVersion = 15.0.27130.2010
MinimumVisualStudioVersion = 10.0.40219.1
Project("{FAE04EC0-301F-11D3-BF4B-00C04F79EFBC}") = "PrismFormsApp", "PrismFormsApp\PrismFormsApp\PrismFormsApp.csproj", "{1C47F50E-F4F7-4714-9CB9-8F9C4CD20D93}"
EndProject
Project("{FAE04EC0-301F-11D3-BF4B-00C04F79EFBC}") = "PrismFormsApp.Android", "PrismFormsApp\PrismFormsApp.Android\PrismFormsApp.Android.csproj", "{EA4D86CB-65EA-4861-A11E-5CC96DFE6304}"
EndProject
Project("{FAE04EC0-301F-11D3-BF4B-00C04F79EFBC}") = "PrismFormsApp.iOS", "PrismFormsApp\PrismFormsApp.iOS\PrismFormsApp.iOS.csproj", "{B1EBA3D0-5195-405F-8E2D-2AA6F10D8C6F}"
EndProject
Project("{FAE04EC0-301F-11D3-BF4B-00C04F79EFBC}") = "PrismFormsApp.UWP", "PrismFormsApp\PrismFormsApp.UWP\PrismFormsApp.UWP.csproj", "{F6F8E25A-1A0C-41D5-9821-4C8A90B99C87}"
EndProject
Global
	GlobalSection(SolutionConfigurationPlatforms) = preSolution
		Ad-Hoc|Any CPU = Ad-Hoc|Any CPU
		Ad-Hoc|ARM = Ad-Hoc|ARM
		Ad-Hoc|iPhone = Ad-Hoc|iPhone
		Ad-Hoc|iPhoneSimulator = Ad-Hoc|iPhoneSimulator
		Ad-Hoc|x64 = Ad-Hoc|x64
		Ad-Hoc|x86 = Ad-Hoc|x86
		AppStore|Any CPU = AppStore|Any CPU
		AppStore|ARM = AppStore|ARM
		AppStore|iPhone = AppStore|iPhone
		AppStore|iPhoneSimulator = AppStore|iPhoneSimulator
		AppStore|x64 = AppStore|x64
		AppStore|x86 = AppStore|x86
		Debug|Any CPU = Debug|Any CPU
		Debug|ARM = Debug|ARM
		Debug|iPhone = Debug|iPhone
		Debug|iPhoneSimulator = Debug|iPhoneSimulator
		Debug|x64 = Debug|x64
		Debug|x86 = Debug|x86
		Release|Any CPU = Release|Any CPU
		Release|ARM = Release|ARM
		Release|iPhone = Release|iPhone
		Release|iPhoneSimulator = Release|iPhoneSimulator
		Release|x64 = Release|x64
		Release|x86 = Release|x86
	EndGlobalSection
	GlobalSection(ProjectConfigurationPlatforms) = postSolution
		{1C47F50E-F4F7-4714-9CB9-8F9C4CD20D93}.Ad-Hoc|Any CPU.ActiveCfg = Debug|Any CPU
		{1C47F50E-F4F7-4714-9CB9-8F9C4CD20D93}.Ad-Hoc|Any CPU.Build.0 = Debug|Any CPU
		{1C47F50E-F4F7-4714-9CB9-8F9C4CD20D93}.Ad-Hoc|ARM.ActiveCfg = Debug|Any CPU
		{1C47F50E-F4F7-4714-9CB9-8F9C4CD20D93}.Ad-Hoc|ARM.Build.0 = Debug|Any CPU
		{1C47F50E-F4F7-4714-9CB9-8F9C4CD20D93}.Ad-Hoc|iPhone.ActiveCfg = Debug|Any CPU
		{1C47F50E-F4F7-4714-9CB9-8F9C4CD20D93}.Ad-Hoc|iPhone.Build.0 = Debug|Any CPU
		{1C47F50E-F4F7-4714-9CB9-8F9C4CD20D93}.Ad-Hoc|iPhoneSimulator.ActiveCfg = Debug|Any CPU
		{1C47F50E-F4F7-4714-9CB9-8F9C4CD20D93}.Ad-Hoc|iPhoneSimulator.Build.0 = Debug|Any CPU
		{1C47F50E-F4F7-4714-9CB9-8F9C4CD20D93}.Ad-Hoc|x64.ActiveCfg = Debug|Any CPU
		{1C47F50E-F4F7-4714-9CB9-8F9C4CD20D93}.Ad-Hoc|x64.Build.0 = Debug|Any CPU
		{1C47F50E-F4F7-4714-9CB9-8F9C4CD20D93}.Ad-Hoc|x86.ActiveCfg = Debug|Any CPU
		{1C47F50E-F4F7-4714-9CB9-8F9C4CD20D93}.Ad-Hoc|x86.Build.0 = Debug|Any CPU
		{1C47F50E-F4F7-4714-9CB9-8F9C4CD20D93}.AppStore|Any CPU.ActiveCfg = Debug|Any CPU
		{1C47F50E-F4F7-4714-9CB9-8F9C4CD20D93}.AppStore|Any CPU.Build.0 = Debug|Any CPU
		{1C47F50E-F4F7-4714-9CB9-8F9C4CD20D93}.AppStore|ARM.ActiveCfg = Debug|Any CPU
		{1C47F50E-F4F7-4714-9CB9-8F9C4CD20D93}.AppStore|ARM.Build.0 = Debug|Any CPU
		{1C47F50E-F4F7-4714-9CB9-8F9C4CD20D93}.AppStore|iPhone.ActiveCfg = Debug|Any CPU
		{1C47F50E-F4F7-4714-9CB9-8F9C4CD20D93}.AppStore|iPhone.Build.0 = Debug|Any CPU
		{1C47F50E-F4F7-4714-9CB9-8F9C4CD20D93}.AppStore|iPhoneSimulator.ActiveCfg = Debug|Any CPU
		{1C47F50E-F4F7-4714-9CB9-8F9C4CD20D93}.AppStore|iPhoneSimulator.Build.0 = Debug|Any CPU
		{1C47F50E-F4F7-4714-9CB9-8F9C4CD20D93}.AppStore|x64.ActiveCfg = Debug|Any CPU
		{1C47F50E-F4F7-4714-9CB9-8F9C4CD20D93}.AppStore|x64.Build.0 = Debug|Any CPU
		{1C47F50E-F4F7-4714-9CB9-8F9C4CD20D93}.AppStore|x86.ActiveCfg = Debug|Any CPU
		{1C47F50E-F4F7-4714-9CB9-8F9C4CD20D93}.AppStore|x86.Build.0 = Debug|Any CPU
		{1C47F50E-F4F7-4714-9CB9-8F9C4CD20D93}.Debug|Any CPU.ActiveCfg = Debug|Any CPU
		{1C47F50E-F4F7-4714-9CB9-8F9C4CD20D93}.Debug|Any CPU.Build.0 = Debug|Any CPU
		{1C47F50E-F4F7-4714-9CB9-8F9C4CD20D93}.Debug|ARM.ActiveCfg = Debug|Any CPU
		{1C47F50E-F4F7-4714-9CB9-8F9C4CD20D93}.Debug|ARM.Build.0 = Debug|Any CPU
		{1C47F50E-F4F7-4714-9CB9-8F9C4CD20D93}.Debug|iPhone.ActiveCfg = Debug|Any CPU
		{1C47F50E-F4F7-4714-9CB9-8F9C4CD20D93}.Debug|iPhone.Build.0 = Debug|Any CPU
		{1C47F50E-F4F7-4714-9CB9-8F9C4CD20D93}.Debug|iPhoneSimulator.ActiveCfg = Debug|Any CPU
		{1C47F50E-F4F7-4714-9CB9-8F9C4CD20D93}.Debug|iPhoneSimulator.Build.0 = Debug|Any CPU
		{1C47F50E-F4F7-4714-9CB9-8F9C4CD20D93}.Debug|x64.ActiveCfg = Debug|Any CPU
		{1C47F50E-F4F7-4714-9CB9-8F9C4CD20D93}.Debug|x64.Build.0 = Debug|Any CPU
		{1C47F50E-F4F7-4714-9CB9-8F9C4CD20D93}.Debug|x86.ActiveCfg = Debug|Any CPU
		{1C47F50E-F4F7-4714-9CB9-8F9C4CD20D93}.Debug|x86.Build.0 = Debug|Any CPU
		{1C47F50E-F4F7-4714-9CB9-8F9C4CD20D93}.Release|Any CPU.ActiveCfg = Release|Any CPU
		{1C47F50E-F4F7-4714-9CB9-8F9C4CD20D93}.Release|Any CPU.Build.0 = Release|Any CPU
		{1C47F50E-F4F7-4714-9CB9-8F9C4CD20D93}.Release|ARM.ActiveCfg = Release|Any CPU
		{1C47F50E-F4F7-4714-9CB9-8F9C4CD20D93}.Release|ARM.Build.0 = Release|Any CPU
		{1C47F50E-F4F7-4714-9CB9-8F9C4CD20D93}.Release|iPhone.ActiveCfg = Release|Any CPU
		{1C47F50E-F4F7-4714-9CB9-8F9C4CD20D93}.Release|iPhone.Build.0 = Release|Any CPU
		{1C47F50E-F4F7-4714-9CB9-8F9C4CD20D93}.Release|iPhoneSimulator.ActiveCfg = Release|Any CPU
		{1C47F50E-F4F7-4714-9CB9-8F9C4CD20D93}.Release|iPhoneSimulator.Build.0 = Release|Any CPU
		{1C47F50E-F4F7-4714-9CB9-8F9C4CD20D93}.Release|x64.ActiveCfg = Release|Any CPU
		{1C47F50E-F4F7-4714-9CB9-8F9C4CD20D93}.Release|x64.Build.0 = Release|Any CPU
		{1C47F50E-F4F7-4714-9CB9-8F9C4CD20D93}.Release|x86.ActiveCfg = Release|Any CPU
		{1C47F50E-F4F7-4714-9CB9-8F9C4CD20D93}.Release|x86.Build.0 = Release|Any CPU
		{EA4D86CB-65EA-4861-A11E-5CC96DFE6304}.Ad-Hoc|Any CPU.ActiveCfg = Release|Any CPU
		{EA4D86CB-65EA-4861-A11E-5CC96DFE6304}.Ad-Hoc|Any CPU.Build.0 = Release|Any CPU
		{EA4D86CB-65EA-4861-A11E-5CC96DFE6304}.Ad-Hoc|Any CPU.Deploy.0 = Release|Any CPU
		{EA4D86CB-65EA-4861-A11E-5CC96DFE6304}.Ad-Hoc|ARM.ActiveCfg = Release|Any CPU
		{EA4D86CB-65EA-4861-A11E-5CC96DFE6304}.Ad-Hoc|ARM.Build.0 = Release|Any CPU
		{EA4D86CB-65EA-4861-A11E-5CC96DFE6304}.Ad-Hoc|ARM.Deploy.0 = Release|Any CPU
		{EA4D86CB-65EA-4861-A11E-5CC96DFE6304}.Ad-Hoc|iPhone.ActiveCfg = Release|Any CPU
		{EA4D86CB-65EA-4861-A11E-5CC96DFE6304}.Ad-Hoc|iPhone.Build.0 = Release|Any CPU
		{EA4D86CB-65EA-4861-A11E-5CC96DFE6304}.Ad-Hoc|iPhone.Deploy.0 = Release|Any CPU
		{EA4D86CB-65EA-4861-A11E-5CC96DFE6304}.Ad-Hoc|iPhoneSimulator.ActiveCfg = Release|Any CPU
		{EA4D86CB-65EA-4861-A11E-5CC96DFE6304}.Ad-Hoc|iPhoneSimulator.Build.0 = Release|Any CPU
		{EA4D86CB-65EA-4861-A11E-5CC96DFE6304}.Ad-Hoc|iPhoneSimulator.Deploy.0 = Release|Any CPU
		{EA4D86CB-65EA-4861-A11E-5CC96DFE6304}.Ad-Hoc|x64.ActiveCfg = Release|Any CPU
		{EA4D86CB-65EA-4861-A11E-5CC96DFE6304}.Ad-Hoc|x64.Build.0 = Release|Any CPU
		{EA4D86CB-65EA-4861-A11E-5CC96DFE6304}.Ad-Hoc|x64.Deploy.0 = Release|Any CPU
		{EA4D86CB-65EA-4861-A11E-5CC96DFE6304}.Ad-Hoc|x86.ActiveCfg = Release|Any CPU
		{EA4D86CB-65EA-4861-A11E-5CC96DFE6304}.Ad-Hoc|x86.Build.0 = Release|Any CPU
		{EA4D86CB-65EA-4861-A11E-5CC96DFE6304}.Ad-Hoc|x86.Deploy.0 = Release|Any CPU
		{EA4D86CB-65EA-4861-A11E-5CC96DFE6304}.AppStore|Any CPU.ActiveCfg = Release|Any CPU
		{EA4D86CB-65EA-4861-A11E-5CC96DFE6304}.AppStore|Any CPU.Build.0 = Release|Any CPU
		{EA4D86CB-65EA-4861-A11E-5CC96DFE6304}.AppStore|Any CPU.Deploy.0 = Release|Any CPU
		{EA4D86CB-65EA-4861-A11E-5CC96DFE6304}.AppStore|ARM.ActiveCfg = Release|Any CPU
		{EA4D86CB-65EA-4861-A11E-5CC96DFE6304}.AppStore|ARM.Build.0 = Release|Any CPU
		{EA4D86CB-65EA-4861-A11E-5CC96DFE6304}.AppStore|ARM.Deploy.0 = Release|Any CPU
		{EA4D86CB-65EA-4861-A11E-5CC96DFE6304}.AppStore|iPhone.ActiveCfg = Release|Any CPU
		{EA4D86CB-65EA-4861-A11E-5CC96DFE6304}.AppStore|iPhone.Build.0 = Release|Any CPU
		{EA4D86CB-65EA-4861-A11E-5CC96DFE6304}.AppStore|iPhone.Deploy.0 = Release|Any CPU
		{EA4D86CB-65EA-4861-A11E-5CC96DFE6304}.AppStore|iPhoneSimulator.ActiveCfg = Release|Any CPU
		{EA4D86CB-65EA-4861-A11E-5CC96DFE6304}.AppStore|iPhoneSimulator.Build.0 = Release|Any CPU
		{EA4D86CB-65EA-4861-A11E-5CC96DFE6304}.AppStore|iPhoneSimulator.Deploy.0 = Release|Any CPU
		{EA4D86CB-65EA-4861-A11E-5CC96DFE6304}.AppStore|x64.ActiveCfg = Release|Any CPU
		{EA4D86CB-65EA-4861-A11E-5CC96DFE6304}.AppStore|x64.Build.0 = Release|Any CPU
		{EA4D86CB-65EA-4861-A11E-5CC96DFE6304}.AppStore|x64.Deploy.0 = Release|Any CPU
		{EA4D86CB-65EA-4861-A11E-5CC96DFE6304}.AppStore|x86.ActiveCfg = Release|Any CPU
		{EA4D86CB-65EA-4861-A11E-5CC96DFE6304}.AppStore|x86.Build.0 = Release|Any CPU
		{EA4D86CB-65EA-4861-A11E-5CC96DFE6304}.AppStore|x86.Deploy.0 = Release|Any CPU
		{EA4D86CB-65EA-4861-A11E-5CC96DFE6304}.Debug|Any CPU.ActiveCfg = Debug|Any CPU
		{EA4D86CB-65EA-4861-A11E-5CC96DFE6304}.Debug|Any CPU.Build.0 = Debug|Any CPU
		{EA4D86CB-65EA-4861-A11E-5CC96DFE6304}.Debug|Any CPU.Deploy.0 = Debug|Any CPU
		{EA4D86CB-65EA-4861-A11E-5CC96DFE6304}.Debug|ARM.ActiveCfg = Debug|Any CPU
		{EA4D86CB-65EA-4861-A11E-5CC96DFE6304}.Debug|ARM.Build.0 = Debug|Any CPU
		{EA4D86CB-65EA-4861-A11E-5CC96DFE6304}.Debug|ARM.Deploy.0 = Debug|Any CPU
		{EA4D86CB-65EA-4861-A11E-5CC96DFE6304}.Debug|iPhone.ActiveCfg = Debug|Any CPU
		{EA4D86CB-65EA-4861-A11E-5CC96DFE6304}.Debug|iPhone.Build.0 = Debug|Any CPU
		{EA4D86CB-65EA-4861-A11E-5CC96DFE6304}.Debug|iPhone.Deploy.0 = Debug|Any CPU
		{EA4D86CB-65EA-4861-A11E-5CC96DFE6304}.Debug|iPhoneSimulator.ActiveCfg = Debug|Any CPU
		{EA4D86CB-65EA-4861-A11E-5CC96DFE6304}.Debug|iPhoneSimulator.Build.0 = Debug|Any CPU
		{EA4D86CB-65EA-4861-A11E-5CC96DFE6304}.Debug|iPhoneSimulator.Deploy.0 = Debug|Any CPU
		{EA4D86CB-65EA-4861-A11E-5CC96DFE6304}.Debug|x64.ActiveCfg = Debug|Any CPU
		{EA4D86CB-65EA-4861-A11E-5CC96DFE6304}.Debug|x64.Build.0 = Debug|Any CPU
		{EA4D86CB-65EA-4861-A11E-5CC96DFE6304}.Debug|x64.Deploy.0 = Debug|Any CPU
		{EA4D86CB-65EA-4861-A11E-5CC96DFE6304}.Debug|x86.ActiveCfg = Debug|Any CPU
		{EA4D86CB-65EA-4861-A11E-5CC96DFE6304}.Debug|x86.Build.0 = Debug|Any CPU
		{EA4D86CB-65EA-4861-A11E-5CC96DFE6304}.Debug|x86.Deploy.0 = Debug|Any CPU
		{EA4D86CB-65EA-4861-A11E-5CC96DFE6304}.Release|Any CPU.ActiveCfg = Release|Any CPU
		{EA4D86CB-65EA-4861-A11E-5CC96DFE6304}.Release|Any CPU.Build.0 = Release|Any CPU
		{EA4D86CB-65EA-4861-A11E-5CC96DFE6304}.Release|Any CPU.Deploy.0 = Release|Any CPU
		{EA4D86CB-65EA-4861-A11E-5CC96DFE6304}.Release|ARM.ActiveCfg = Release|Any CPU
		{EA4D86CB-65EA-4861-A11E-5CC96DFE6304}.Release|ARM.Build.0 = Release|Any CPU
		{EA4D86CB-65EA-4861-A11E-5CC96DFE6304}.Release|ARM.Deploy.0 = Release|Any CPU
		{EA4D86CB-65EA-4861-A11E-5CC96DFE6304}.Release|iPhone.ActiveCfg = Release|Any CPU
		{EA4D86CB-65EA-4861-A11E-5CC96DFE6304}.Release|iPhone.Build.0 = Release|Any CPU
		{EA4D86CB-65EA-4861-A11E-5CC96DFE6304}.Release|iPhone.Deploy.0 = Release|Any CPU
		{EA4D86CB-65EA-4861-A11E-5CC96DFE6304}.Release|iPhoneSimulator.ActiveCfg = Release|Any CPU
		{EA4D86CB-65EA-4861-A11E-5CC96DFE6304}.Release|iPhoneSimulator.Build.0 = Release|Any CPU
		{EA4D86CB-65EA-4861-A11E-5CC96DFE6304}.Release|iPhoneSimulator.Deploy.0 = Release|Any CPU
		{EA4D86CB-65EA-4861-A11E-5CC96DFE6304}.Release|x64.ActiveCfg = Release|Any CPU
		{EA4D86CB-65EA-4861-A11E-5CC96DFE6304}.Release|x64.Build.0 = Release|Any CPU
		{EA4D86CB-65EA-4861-A11E-5CC96DFE6304}.Release|x64.Deploy.0 = Release|Any CPU
		{EA4D86CB-65EA-4861-A11E-5CC96DFE6304}.Release|x86.ActiveCfg = Release|Any CPU
		{EA4D86CB-65EA-4861-A11E-5CC96DFE6304}.Release|x86.Build.0 = Release|Any CPU
		{EA4D86CB-65EA-4861-A11E-5CC96DFE6304}.Release|x86.Deploy.0 = Release|Any CPU
		{B1EBA3D0-5195-405F-8E2D-2AA6F10D8C6F}.Ad-Hoc|Any CPU.ActiveCfg = Ad-Hoc|iPhone
		{B1EBA3D0-5195-405F-8E2D-2AA6F10D8C6F}.Ad-Hoc|ARM.ActiveCfg = Ad-Hoc|iPhone
		{B1EBA3D0-5195-405F-8E2D-2AA6F10D8C6F}.Ad-Hoc|iPhone.ActiveCfg = Ad-Hoc|iPhone
		{B1EBA3D0-5195-405F-8E2D-2AA6F10D8C6F}.Ad-Hoc|iPhone.Build.0 = Ad-Hoc|iPhone
		{B1EBA3D0-5195-405F-8E2D-2AA6F10D8C6F}.Ad-Hoc|iPhoneSimulator.ActiveCfg = Ad-Hoc|iPhoneSimulator
		{B1EBA3D0-5195-405F-8E2D-2AA6F10D8C6F}.Ad-Hoc|iPhoneSimulator.Build.0 = Ad-Hoc|iPhoneSimulator
		{B1EBA3D0-5195-405F-8E2D-2AA6F10D8C6F}.Ad-Hoc|x64.ActiveCfg = Ad-Hoc|iPhone
		{B1EBA3D0-5195-405F-8E2D-2AA6F10D8C6F}.Ad-Hoc|x86.ActiveCfg = Ad-Hoc|iPhone
		{B1EBA3D0-5195-405F-8E2D-2AA6F10D8C6F}.AppStore|Any CPU.ActiveCfg = AppStore|iPhone
		{B1EBA3D0-5195-405F-8E2D-2AA6F10D8C6F}.AppStore|ARM.ActiveCfg = AppStore|iPhone
		{B1EBA3D0-5195-405F-8E2D-2AA6F10D8C6F}.AppStore|iPhone.ActiveCfg = AppStore|iPhone
		{B1EBA3D0-5195-405F-8E2D-2AA6F10D8C6F}.AppStore|iPhone.Build.0 = AppStore|iPhone
		{B1EBA3D0-5195-405F-8E2D-2AA6F10D8C6F}.AppStore|iPhoneSimulator.ActiveCfg = AppStore|iPhoneSimulator
		{B1EBA3D0-5195-405F-8E2D-2AA6F10D8C6F}.AppStore|iPhoneSimulator.Build.0 = AppStore|iPhoneSimulator
		{B1EBA3D0-5195-405F-8E2D-2AA6F10D8C6F}.AppStore|x64.ActiveCfg = AppStore|iPhone
		{B1EBA3D0-5195-405F-8E2D-2AA6F10D8C6F}.AppStore|x86.ActiveCfg = AppStore|iPhone
		{B1EBA3D0-5195-405F-8E2D-2AA6F10D8C6F}.Debug|Any CPU.ActiveCfg = Debug|iPhone
		{B1EBA3D0-5195-405F-8E2D-2AA6F10D8C6F}.Debug|ARM.ActiveCfg = Debug|iPhone
		{B1EBA3D0-5195-405F-8E2D-2AA6F10D8C6F}.Debug|iPhone.ActiveCfg = Debug|iPhone
		{B1EBA3D0-5195-405F-8E2D-2AA6F10D8C6F}.Debug|iPhone.Build.0 = Debug|iPhone
		{B1EBA3D0-5195-405F-8E2D-2AA6F10D8C6F}.Debug|iPhoneSimulator.ActiveCfg = Debug|iPhoneSimulator
		{B1EBA3D0-5195-405F-8E2D-2AA6F10D8C6F}.Debug|iPhoneSimulator.Build.0 = Debug|iPhoneSimulator
		{B1EBA3D0-5195-405F-8E2D-2AA6F10D8C6F}.Debug|x64.ActiveCfg = Debug|iPhone
		{B1EBA3D0-5195-405F-8E2D-2AA6F10D8C6F}.Debug|x86.ActiveCfg = Debug|iPhone
		{B1EBA3D0-5195-405F-8E2D-2AA6F10D8C6F}.Release|Any CPU.ActiveCfg = Release|iPhone
		{B1EBA3D0-5195-405F-8E2D-2AA6F10D8C6F}.Release|ARM.ActiveCfg = Release|iPhone
		{B1EBA3D0-5195-405F-8E2D-2AA6F10D8C6F}.Release|iPhone.ActiveCfg = Release|iPhone
		{B1EBA3D0-5195-405F-8E2D-2AA6F10D8C6F}.Release|iPhone.Build.0 = Release|iPhone
		{B1EBA3D0-5195-405F-8E2D-2AA6F10D8C6F}.Release|iPhoneSimulator.ActiveCfg = Release|iPhoneSimulator
		{B1EBA3D0-5195-405F-8E2D-2AA6F10D8C6F}.Release|iPhoneSimulator.Build.0 = Release|iPhoneSimulator
		{B1EBA3D0-5195-405F-8E2D-2AA6F10D8C6F}.Release|x64.ActiveCfg = Release|iPhone
		{B1EBA3D0-5195-405F-8E2D-2AA6F10D8C6F}.Release|x86.ActiveCfg = Release|iPhone
		{F6F8E25A-1A0C-41D5-9821-4C8A90B99C87}.Ad-Hoc|Any CPU.ActiveCfg = Release|x86
		{F6F8E25A-1A0C-41D5-9821-4C8A90B99C87}.Ad-Hoc|Any CPU.Build.0 = Release|x86
		{F6F8E25A-1A0C-41D5-9821-4C8A90B99C87}.Ad-Hoc|Any CPU.Deploy.0 = Release|x86
		{F6F8E25A-1A0C-41D5-9821-4C8A90B99C87}.Ad-Hoc|ARM.ActiveCfg = Release|ARM
		{F6F8E25A-1A0C-41D5-9821-4C8A90B99C87}.Ad-Hoc|ARM.Build.0 = Release|ARM
		{F6F8E25A-1A0C-41D5-9821-4C8A90B99C87}.Ad-Hoc|ARM.Deploy.0 = Release|ARM
		{F6F8E25A-1A0C-41D5-9821-4C8A90B99C87}.Ad-Hoc|iPhone.ActiveCfg = Release|x86
		{F6F8E25A-1A0C-41D5-9821-4C8A90B99C87}.Ad-Hoc|iPhone.Build.0 = Release|x86
		{F6F8E25A-1A0C-41D5-9821-4C8A90B99C87}.Ad-Hoc|iPhone.Deploy.0 = Release|x86
		{F6F8E25A-1A0C-41D5-9821-4C8A90B99C87}.Ad-Hoc|iPhoneSimulator.ActiveCfg = Release|x86
		{F6F8E25A-1A0C-41D5-9821-4C8A90B99C87}.Ad-Hoc|iPhoneSimulator.Build.0 = Release|x86
		{F6F8E25A-1A0C-41D5-9821-4C8A90B99C87}.Ad-Hoc|iPhoneSimulator.Deploy.0 = Release|x86
		{F6F8E25A-1A0C-41D5-9821-4C8A90B99C87}.Ad-Hoc|x64.ActiveCfg = Release|x64
		{F6F8E25A-1A0C-41D5-9821-4C8A90B99C87}.Ad-Hoc|x64.Build.0 = Release|x64
		{F6F8E25A-1A0C-41D5-9821-4C8A90B99C87}.Ad-Hoc|x64.Deploy.0 = Release|x64
		{F6F8E25A-1A0C-41D5-9821-4C8A90B99C87}.Ad-Hoc|x86.ActiveCfg = Release|x86
		{F6F8E25A-1A0C-41D5-9821-4C8A90B99C87}.Ad-Hoc|x86.Build.0 = Release|x86
		{F6F8E25A-1A0C-41D5-9821-4C8A90B99C87}.Ad-Hoc|x86.Deploy.0 = Release|x86
		{F6F8E25A-1A0C-41D5-9821-4C8A90B99C87}.AppStore|Any CPU.ActiveCfg = Release|x86
		{F6F8E25A-1A0C-41D5-9821-4C8A90B99C87}.AppStore|Any CPU.Build.0 = Release|x86
		{F6F8E25A-1A0C-41D5-9821-4C8A90B99C87}.AppStore|Any CPU.Deploy.0 = Release|x86
		{F6F8E25A-1A0C-41D5-9821-4C8A90B99C87}.AppStore|ARM.ActiveCfg = Release|ARM
		{F6F8E25A-1A0C-41D5-9821-4C8A90B99C87}.AppStore|ARM.Build.0 = Release|ARM
		{F6F8E25A-1A0C-41D5-9821-4C8A90B99C87}.AppStore|ARM.Deploy.0 = Release|ARM
		{F6F8E25A-1A0C-41D5-9821-4C8A90B99C87}.AppStore|iPhone.ActiveCfg = Release|x86
		{F6F8E25A-1A0C-41D5-9821-4C8A90B99C87}.AppStore|iPhone.Build.0 = Release|x86
		{F6F8E25A-1A0C-41D5-9821-4C8A90B99C87}.AppStore|iPhone.Deploy.0 = Release|x86
		{F6F8E25A-1A0C-41D5-9821-4C8A90B99C87}.AppStore|iPhoneSimulator.ActiveCfg = Release|x86
		{F6F8E25A-1A0C-41D5-9821-4C8A90B99C87}.AppStore|iPhoneSimulator.Build.0 = Release|x86
		{F6F8E25A-1A0C-41D5-9821-4C8A90B99C87}.AppStore|iPhoneSimulator.Deploy.0 = Release|x86
		{F6F8E25A-1A0C-41D5-9821-4C8A90B99C87}.AppStore|x64.ActiveCfg = Release|x64
		{F6F8E25A-1A0C-41D5-9821-4C8A90B99C87}.AppStore|x64.Build.0 = Release|x64
		{F6F8E25A-1A0C-41D5-9821-4C8A90B99C87}.AppStore|x64.Deploy.0 = Release|x64
		{F6F8E25A-1A0C-41D5-9821-4C8A90B99C87}.AppStore|x86.ActiveCfg = Release|x86
		{F6F8E25A-1A0C-41D5-9821-4C8A90B99C87}.AppStore|x86.Build.0 = Release|x86
		{F6F8E25A-1A0C-41D5-9821-4C8A90B99C87}.AppStore|x86.Deploy.0 = Release|x86
		{F6F8E25A-1A0C-41D5-9821-4C8A90B99C87}.Debug|Any CPU.ActiveCfg = Debug|x86
		{F6F8E25A-1A0C-41D5-9821-4C8A90B99C87}.Debug|ARM.ActiveCfg = Debug|ARM
		{F6F8E25A-1A0C-41D5-9821-4C8A90B99C87}.Debug|ARM.Build.0 = Debug|ARM
		{F6F8E25A-1A0C-41D5-9821-4C8A90B99C87}.Debug|ARM.Deploy.0 = Debug|ARM
		{F6F8E25A-1A0C-41D5-9821-4C8A90B99C87}.Debug|iPhone.ActiveCfg = Debug|x86
		{F6F8E25A-1A0C-41D5-9821-4C8A90B99C87}.Debug|iPhoneSimulator.ActiveCfg = Debug|x86
		{F6F8E25A-1A0C-41D5-9821-4C8A90B99C87}.Debug|x64.ActiveCfg = Debug|x64
		{F6F8E25A-1A0C-41D5-9821-4C8A90B99C87}.Debug|x64.Build.0 = Debug|x64
		{F6F8E25A-1A0C-41D5-9821-4C8A90B99C87}.Debug|x64.Deploy.0 = Debug|x64
		{F6F8E25A-1A0C-41D5-9821-4C8A90B99C87}.Debug|x86.ActiveCfg = Debug|x86
		{F6F8E25A-1A0C-41D5-9821-4C8A90B99C87}.Debug|x86.Build.0 = Debug|x86
		{F6F8E25A-1A0C-41D5-9821-4C8A90B99C87}.Debug|x86.Deploy.0 = Debug|x86
		{F6F8E25A-1A0C-41D5-9821-4C8A90B99C87}.Release|Any CPU.ActiveCfg = Release|x86
		{F6F8E25A-1A0C-41D5-9821-4C8A90B99C87}.Release|ARM.ActiveCfg = Release|ARM
		{F6F8E25A-1A0C-41D5-9821-4C8A90B99C87}.Release|ARM.Build.0 = Release|ARM
		{F6F8E25A-1A0C-41D5-9821-4C8A90B99C87}.Release|ARM.Deploy.0 = Release|ARM
		{F6F8E25A-1A0C-41D5-9821-4C8A90B99C87}.Release|iPhone.ActiveCfg = Release|x86
		{F6F8E25A-1A0C-41D5-9821-4C8A90B99C87}.Release|iPhoneSimulator.ActiveCfg = Release|x86
		{F6F8E25A-1A0C-41D5-9821-4C8A90B99C87}.Release|x64.ActiveCfg = Release|x64
		{F6F8E25A-1A0C-41D5-9821-4C8A90B99C87}.Release|x64.Build.0 = Release|x64
		{F6F8E25A-1A0C-41D5-9821-4C8A90B99C87}.Release|x64.Deploy.0 = Release|x64
		{F6F8E25A-1A0C-41D5-9821-4C8A90B99C87}.Release|x86.ActiveCfg = Release|x86
		{F6F8E25A-1A0C-41D5-9821-4C8A90B99C87}.Release|x86.Build.0 = Release|x86
		{F6F8E25A-1A0C-41D5-9821-4C8A90B99C87}.Release|x86.Deploy.0 = Release|x86
	EndGlobalSection
	GlobalSection(SolutionProperties) = preSolution
		HideSolutionNode = FALSE
	EndGlobalSection
	GlobalSection(ExtensibilityGlobals) = postSolution
		SolutionGuid = {DF9CB398-92D4-4F9C-B269-A8C3CB076ECD}
	EndGlobalSection
EndGlobal
